
Microsoft Visual Studio Solution File, Format Version 12.00
# Visual Studio 15
VisualStudioVersion = 15.0.28010.2036
MinimumVisualStudioVersion = 10.0.40219.1
Project("{FAE04EC0-301F-11D3-BF4B-00C04F79EFBC}") = "Rescuetekniq", "Rescuetekniq\Rescuetekniq.csproj", "{D04E4506-28CC-4E9D-BFEF-0AFBDEEA10EA}"
EndProject
Project("{FAE04EC0-301F-11D3-BF4B-00C04F79EFBC}") = "Rescuetekniq.CODE", "Rescuetekniq.COD\Rescuetekniq.CODE.csproj", "{CDC3F64E-8F1A-48C0-8ECE-7C3B5A5DCE08}"
EndProject
Project("{FAE04EC0-301F-11D3-BF4B-00C04F79EFBC}") = "Rescuetekniq.BOL", "Rescuetekniq.BOL\Rescuetekniq.BOL.csproj", "{5D5447A2-E729-4BAB-8CA3-DB997C66FABF}"
EndProject
Project("{FAE04EC0-301F-11D3-BF4B-00C04F79EFBC}") = "Rescuetekniq.DOC", "Rescuetekniq.DOC\Rescuetekniq.DOC.csproj", "{94D19BCE-E933-46F6-9C29-92F2859FB217}"
EndProject
Global
	GlobalSection(SolutionConfigurationPlatforms) = preSolution
		Debug|Any CPU = Debug|Any CPU
		Release|Any CPU = Release|Any CPU
	EndGlobalSection
	GlobalSection(ProjectConfigurationPlatforms) = postSolution
		{D04E4506-28CC-4E9D-BFEF-0AFBDEEA10EA}.Debug|Any CPU.ActiveCfg = Debug|Any CPU
		{D04E4506-28CC-4E9D-BFEF-0AFBDEEA10EA}.Debug|Any CPU.Build.0 = Debug|Any CPU
		{D04E4506-28CC-4E9D-BFEF-0AFBDEEA10EA}.Release|Any CPU.ActiveCfg = Release|Any CPU
		{D04E4506-28CC-4E9D-BFEF-0AFBDEEA10EA}.Release|Any CPU.Build.0 = Release|Any CPU
		{CDC3F64E-8F1A-48C0-8ECE-7C3B5A5DCE08}.Debug|Any CPU.ActiveCfg = Debug|Any CPU
		{CDC3F64E-8F1A-48C0-8ECE-7C3B5A5DCE08}.Debug|Any CPU.Build.0 = Debug|Any CPU
		{CDC3F64E-8F1A-48C0-8ECE-7C3B5A5DCE08}.Release|Any CPU.ActiveCfg = Release|Any CPU
		{CDC3F64E-8F1A-48C0-8ECE-7C3B5A5DCE08}.Release|Any CPU.Build.0 = Release|Any CPU
		{5D5447A2-E729-4BAB-8CA3-DB997C66FABF}.Debug|Any CPU.ActiveCfg = Debug|Any CPU
		{5D5447A2-E729-4BAB-8CA3-DB997C66FABF}.Debug|Any CPU.Build.0 = Debug|Any CPU
		{5D5447A2-E729-4BAB-8CA3-DB997C66FABF}.Release|Any CPU.ActiveCfg = Release|Any CPU
		{5D5447A2-E729-4BAB-8CA3-DB997C66FABF}.Release|Any CPU.Build.0 = Release|Any CPU
		{94D19BCE-E933-46F6-9C29-92F2859FB217}.Debug|Any CPU.ActiveCfg = Debug|Any CPU
		{94D19BCE-E933-46F6-9C29-92F2859FB217}.Debug|Any CPU.Build.0 = Debug|Any CPU
		{94D19BCE-E933-46F6-9C29-92F2859FB217}.Release|Any CPU.ActiveCfg = Release|Any CPU
		{94D19BCE-E933-46F6-9C29-92F2859FB217}.Release|Any CPU.Build.0 = Release|Any CPU
	EndGlobalSection
	GlobalSection(SolutionProperties) = preSolution
		HideSolutionNode = FALSE
	EndGlobalSection
	GlobalSection(ExtensibilityGlobals) = postSolution
		SolutionGuid = {8349F9E6-A195-4256-B469-8CE92644A288}
	EndGlobalSection
EndGlobal
